
Microsoft Visual Studio Solution File, Format Version 12.00
# Visual Studio Version 17
VisualStudioVersion = 17.12.35527.113
MinimumVisualStudioVersion = 10.0.40219.1
Project("{FAE04EC0-301F-11D3-BF4B-00C04F79EFBC}") = "SSDServer", "SSDServer\SSDServer.csproj", "{DD0A6F58-D05E-4A78-B7EB-EB64C0BF6E6D}"
EndProject
Project("{FAE04EC0-301F-11D3-BF4B-00C04F79EFBC}") = "SSDServer.Tests", "SSDServer.Tests\SSDServer.Tests.csproj", "{AC92A23D-5811-4D09-9B7C-593D30677F3A}"
EndProject
Project("{FAE04EC0-301F-11D3-BF4B-00C04F79EFBC}") = "SSDAPI", "SSDAPI\SSDAPI.csproj", "{AA2E73BD-96E6-48D3-993B-1B53E2F494A1}"
EndProject
Global
	GlobalSection(SolutionConfigurationPlatforms) = preSolution
		Debug|Any CPU = Debug|Any CPU
		Release|Any CPU = Release|Any CPU
	EndGlobalSection
	GlobalSection(ProjectConfigurationPlatforms) = postSolution
		{DD0A6F58-D05E-4A78-B7EB-EB64C0BF6E6D}.Debug|Any CPU.ActiveCfg = Debug|Any CPU
		{DD0A6F58-D05E-4A78-B7EB-EB64C0BF6E6D}.Debug|Any CPU.Build.0 = Debug|Any CPU
		{DD0A6F58-D05E-4A78-B7EB-EB64C0BF6E6D}.Release|Any CPU.ActiveCfg = Release|Any CPU
		{DD0A6F58-D05E-4A78-B7EB-EB64C0BF6E6D}.Release|Any CPU.Build.0 = Release|Any CPU
		{AC92A23D-5811-4D09-9B7C-593D30677F3A}.Debug|Any CPU.ActiveCfg = Debug|Any CPU
		{AC92A23D-5811-4D09-9B7C-593D30677F3A}.Debug|Any CPU.Build.0 = Debug|Any CPU
		{AC92A23D-5811-4D09-9B7C-593D30677F3A}.Release|Any CPU.ActiveCfg = Release|Any CPU
		{AC92A23D-5811-4D09-9B7C-593D30677F3A}.Release|Any CPU.Build.0 = Release|Any CPU
		{AA2E73BD-96E6-48D3-993B-1B53E2F494A1}.Debug|Any CPU.ActiveCfg = Debug|Any CPU
		{AA2E73BD-96E6-48D3-993B-1B53E2F494A1}.Debug|Any CPU.Build.0 = Debug|Any CPU
		{AA2E73BD-96E6-48D3-993B-1B53E2F494A1}.Release|Any CPU.ActiveCfg = Release|Any CPU
		{AA2E73BD-96E6-48D3-993B-1B53E2F494A1}.Release|Any CPU.Build.0 = Release|Any CPU
	EndGlobalSection
	GlobalSection(SolutionProperties) = preSolution
		HideSolutionNode = FALSE
	EndGlobalSection
EndGlobal
